{
  "object": {
    "pins": [
      {
        "package": "RxSwift",
        "repositoryURL": "https://github.com/ReactiveX/RxSwift.git",
        "state": {
          "branch": null,
          "revision": "b4307ba0b6425c0ba4178e138799946c3da594f8",
          "version": "6.5.0"
        }
      },
      {
        "package": "SwiftPhoenixClient",
        "repositoryURL": "https://github.com/davidstump/SwiftPhoenixClient.git",
        "state": {
          "branch": null,
          "revision": "613989bf2e562d8a851ea83741681c3439353b45",
          "version": "5.0.0"
        }
      }
    ]
  },
  "version": 1
}
